{
  "nodes": {
    "crate2nix": {
      "flake": false,
      "locked": {
        "lastModified": 1632738851,
        "narHash": "sha256-w4sH3GZefmHjOKwTr/whMSw1Y6ohV3vAPf/RI4jQUjg=",
        "owner": "kolloch",
        "repo": "crate2nix",
        "rev": "b59f8ca0b5121f3db5dd058889256c2dcb174e5e",
        "type": "github"
      },
      "original": {
        "id": "crate2nix",
        "type": "indirect"
      }
    },
    "flake-compat": {
      "flake": false,
      "locked": {
        "lastModified": 1627913399,
        "narHash": "sha256-hY8g6H2KFL8ownSiFeMOjwPC8P0ueXpCVEbxgda3pko=",
        "owner": "edolstra",
        "repo": "flake-compat",
        "rev": "12c64ca55c1014cdc1b16ed5a804aa8576601ff2",
        "type": "github"
      },
      "original": {
        "id": "flake-compat",
        "type": "indirect"
      }
    },
    "flake-compat_2": {
      "flake": false,
      "locked": {
        "lastModified": 1627913399,
        "narHash": "sha256-hY8g6H2KFL8ownSiFeMOjwPC8P0ueXpCVEbxgda3pko=",
        "owner": "edolstra",
        "repo": "flake-compat",
        "rev": "12c64ca55c1014cdc1b16ed5a804aa8576601ff2",
        "type": "github"
      },
      "original": {
        "owner": "edolstra",
        "repo": "flake-compat",
        "type": "github"
      }
    },
    "flake-utils": {
      "locked": {
        "lastModified": 1631561581,
        "narHash": "sha256-3VQMV5zvxaVLvqqUrNz3iJelLw30mIVSfZmAaauM3dA=",
        "owner": "numtide",
        "repo": "flake-utils",
        "rev": "7e5bf3925f6fbdfaf50a2a7ca0be2879c4261d19",
        "type": "github"
      },
      "original": {
        "id": "flake-utils",
        "type": "indirect"
      }
    },
    "flake-utils_2": {
      "locked": {
        "lastModified": 1631561581,
        "narHash": "sha256-3VQMV5zvxaVLvqqUrNz3iJelLw30mIVSfZmAaauM3dA=",
        "owner": "numtide",
        "repo": "flake-utils",
        "rev": "7e5bf3925f6fbdfaf50a2a7ca0be2879c4261d19",
        "type": "github"
      },
      "original": {
        "owner": "numtide",
        "repo": "flake-utils",
        "type": "github"
      }
    },
    "gitignore-nix": {
      "flake": false,
      "locked": {
        "lastModified": 1611672876,
        "narHash": "sha256-qHu3uZ/o9jBHiA3MEKHJ06k7w4heOhA+4HCSIvflRxo=",
        "owner": "hercules-ci",
        "repo": "gitignore.nix",
        "rev": "211907489e9f198594c0eb0ca9256a1949c9d412",
        "type": "github"
      },
      "original": {
        "owner": "hercules-ci",
        "repo": "gitignore.nix",
        "type": "github"
      }
    },
    "lowdown-src": {
      "flake": false,
      "locked": {
        "lastModified": 1632468475,
        "narHash": "sha256-NNOm9CbdA8cuwbvaBHslGbPTiU6bh1Ao+MpEPx4rSGo=",
        "owner": "kristapsdz",
        "repo": "lowdown",
        "rev": "6bd668af3fd098bdd07a1bedd399564141e275da",
        "type": "github"
      },
      "original": {
        "owner": "kristapsdz",
        "repo": "lowdown",
        "type": "github"
      }
    },
    "lowdown-src_2": {
      "flake": false,
      "locked": {
        "lastModified": 1598695561,
        "narHash": "sha256-gyH/5j+h/nWw0W8AcR2WKvNBUsiQ7QuxqSJNXAwV+8E=",
        "owner": "kristapsdz",
        "repo": "lowdown",
        "rev": "1705b4a26fbf065d9574dce47a94e8c7c79e052f",
        "type": "github"
      },
      "original": {
        "owner": "kristapsdz",
        "repo": "lowdown",
        "type": "github"
      }
    },
    "nix": {
      "inputs": {
        "lowdown-src": "lowdown-src",
        "nixpkgs": "nixpkgs"
      },
      "locked": {
        "lastModified": 1633098935,
        "narHash": "sha256-UtuBczommNLwUNEnfRI7822z4vPA7OoRKsgAZ8zsHQI=",
        "owner": "nixos",
        "repo": "nix",
        "rev": "4f496150eb4e0012914c11f0a3ff4df2412b1d09",
        "type": "github"
      },
      "original": {
        "id": "nix",
        "type": "indirect"
      }
    },
    "nix-unstable": {
      "inputs": {
        "lowdown-src": "lowdown-src_2",
        "nixpkgs": "nixpkgs_3"
      },
      "locked": {
        "lastModified": 1605715425,
        "narHash": "sha256-h4VEpxnPBoUigXeoy0/8z8jUFKkJD9XG5dR/lt/rQCk=",
        "owner": "nixos",
        "repo": "nix",
        "rev": "79aa7d95183cbe6c0d786965f0dbff414fd1aa67",
        "type": "github"
      },
      "original": {
        "owner": "nixos",
        "repo": "nix",
        "rev": "79aa7d95183cbe6c0d786965f0dbff414fd1aa67",
        "type": "github"
      }
    },
    "nixpkgs": {
      "locked": {
        "lastModified": 1632864508,
        "narHash": "sha256-d127FIvGR41XbVRDPVvozUPQ/uRHbHwvfyKHwEt5xFM=",
        "owner": "NixOS",
        "repo": "nixpkgs",
        "rev": "82891b5e2c2359d7e58d08849e4c89511ab94234",
        "type": "github"
      },
      "original": {
        "id": "nixpkgs",
        "ref": "nixos-21.05-small",
        "type": "indirect"
      }
    },
    "nixpkgs_2": {
      "locked": {
        "lastModified": 1632495107,
        "narHash": "sha256-4NGE56r+FJGBaCYu3CTH4O83Ys4TrtnEPXrvdwg1TDs=",
        "owner": "serokell",
        "repo": "nixpkgs",
        "rev": "be220b2dc47092c1e739bf6aaf630f29e71fe1c4",
        "type": "github"
      },
      "original": {
        "id": "nixpkgs",
        "type": "indirect"
      }
    },
    "nixpkgs_3": {
      "locked": {
        "lastModified": 1602702596,
        "narHash": "sha256-fqJ4UgOb4ZUnCDIapDb4gCrtAah5Rnr2/At3IzMitig=",
        "owner": "NixOS",
        "repo": "nixpkgs",
        "rev": "ad0d20345219790533ebe06571f82ed6b034db31",
        "type": "github"
      },
      "original": {
        "id": "nixpkgs",
        "ref": "nixos-20.09-small",
        "type": "indirect"
      }
    },
    "nixpkgs_4": {
      "locked": {
        "lastModified": 1631273642,
        "narHash": "sha256-LeD8U6LijyPHgr5ECLk7cobb4EkgPyPJJjxcYNi8noo=",
        "owner": "serokell",
        "repo": "nixpkgs",
        "rev": "1714a2ead1a18678afa3cbf75dff3f024c579061",
        "type": "github"
      },
      "original": {
        "owner": "serokell",
        "repo": "nixpkgs",
        "type": "github"
      }
    },
    "root": {
      "inputs": {
        "crate2nix": "crate2nix",
        "flake-compat": "flake-compat",
        "flake-utils": "flake-utils",
        "nix": "nix",
        "nixpkgs": "nixpkgs_2",
        "serokell-nix": "serokell-nix"
      }
    },
    "serokell-nix": {
      "inputs": {
        "flake-compat": "flake-compat_2",
        "flake-utils": "flake-utils_2",
        "gitignore-nix": "gitignore-nix",
        "nix-unstable": "nix-unstable",
        "nixpkgs": "nixpkgs_4"
      },
      "locked": {
        "lastModified": 1632308911,
        "narHash": "sha256-KGWw8SKCsjg8KWQ3PyHbum8kbVlM67i8yrVcqa9GBfs=",
        "owner": "serokell",
        "repo": "serokell.nix",
        "rev": "247a59f2bd9fbb12bf7f61e0446fbbd21b515484",
        "type": "github"
      },
      "original": {
        "id": "serokell-nix",
        "type": "indirect"
      }
    }
  },
  "root": "root",
  "version": 7
}
